
Microsoft Visual Studio Solution File, Format Version 12.00
# Visual Studio Version 17
VisualStudioVersion = 17.0.32014.148
MinimumVisualStudioVersion = 10.0.40219.1
Project("{FAE04EC0-301F-11D3-BF4B-00C04F79EFBC}") = "MovieApp", "MovieApp\MovieApp.csproj", "{432B3D64-CDD1-4ADB-B618-88D4B72A9070}"
EndProject
Global
	GlobalSection(SolutionConfigurationPlatforms) = preSolution
		Debug|Any CPU = Debug|Any CPU
		Release|Any CPU = Release|Any CPU
	EndGlobalSection
	GlobalSection(ProjectConfigurationPlatforms) = postSolution
		{432B3D64-CDD1-4ADB-B618-88D4B72A9070}.Debug|Any CPU.ActiveCfg = Debug|Any CPU
		{432B3D64-CDD1-4ADB-B618-88D4B72A9070}.Debug|Any CPU.Build.0 = Debug|Any CPU
		{432B3D64-CDD1-4ADB-B618-88D4B72A9070}.Release|Any CPU.ActiveCfg = Release|Any CPU
		{432B3D64-CDD1-4ADB-B618-88D4B72A9070}.Release|Any CPU.Build.0 = Release|Any CPU
	EndGlobalSection
	GlobalSection(SolutionProperties) = preSolution
		HideSolutionNode = FALSE
	EndGlobalSection
	GlobalSection(ExtensibilityGlobals) = postSolution
		SolutionGuid = {C408BDFD-6E5D-48E2-9BB3-91E9B3B81394}
	EndGlobalSection
EndGlobal
